
Microsoft Visual Studio Solution File, Format Version 12.00
# Visual Studio Version 17
VisualStudioVersion = 17.0.32014.148
MinimumVisualStudioVersion = 10.0.40219.1
Project("{FAE04EC0-301F-11D3-BF4B-00C04F79EFBC}") = "TicTacToeV2", "TicTacToeV2\TicTacToeV2.csproj", "{DD1ED08C-E279-42D8-AA10-0BF2DAA11BDF}"
EndProject
Global
	GlobalSection(SolutionConfigurationPlatforms) = preSolution
		Debug|Any CPU = Debug|Any CPU
		Release|Any CPU = Release|Any CPU
	EndGlobalSection
	GlobalSection(ProjectConfigurationPlatforms) = postSolution
		{DD1ED08C-E279-42D8-AA10-0BF2DAA11BDF}.Debug|Any CPU.ActiveCfg = Debug|Any CPU
		{DD1ED08C-E279-42D8-AA10-0BF2DAA11BDF}.Debug|Any CPU.Build.0 = Debug|Any CPU
		{DD1ED08C-E279-42D8-AA10-0BF2DAA11BDF}.Release|Any CPU.ActiveCfg = Release|Any CPU
		{DD1ED08C-E279-42D8-AA10-0BF2DAA11BDF}.Release|Any CPU.Build.0 = Release|Any CPU
	EndGlobalSection
	GlobalSection(SolutionProperties) = preSolution
		HideSolutionNode = FALSE
	EndGlobalSection
	GlobalSection(ExtensibilityGlobals) = postSolution
		SolutionGuid = {76B57943-BA4F-455A-874C-D62AF4D16B64}
	EndGlobalSection
EndGlobal
